
Microsoft Visual Studio Solution File, Format Version 12.00
# Visual Studio Version 16
VisualStudioVersion = 16.0.31702.278
MinimumVisualStudioVersion = 10.0.40219.1
Project("{FAE04EC0-301F-11D3-BF4B-00C04F79EFBC}") = "Oefening7KlasseBankrekening", "OefeningenCsharpAdvancedEB\Oefening7KlasseBankrekening.csproj", "{5904E64B-C121-44F3-BE2C-66715843D27E}"
EndProject
Project("{FAE04EC0-301F-11D3-BF4B-00C04F79EFBC}") = "Oefening8KlasseTeller", "Oefening8KlasseTeller\Oefening8KlasseTeller.csproj", "{4E0C6F3C-44DB-4D48-A75E-2810ED76D391}"
EndProject
Project("{FAE04EC0-301F-11D3-BF4B-00C04F79EFBC}") = "Oefening10KlassePersoneel", "Oefening10KlassePersoneel\Oefening10KlassePersoneel.csproj", "{BFAA950D-F70C-4189-AB01-AB954A9E90F8}"
EndProject
Project("{FAE04EC0-301F-11D3-BF4B-00C04F79EFBC}") = "Oefening01BestandEmail", "Oefening01BestandEmail\Oefening01BestandEmail.csproj", "{855D5E93-3047-47E7-AAC6-B8640D2D806B}"
EndProject
Project("{FAE04EC0-301F-11D3-BF4B-00C04F79EFBC}") = "Oefening11KlasseHuis", "Oefening11KlasseHuis\Oefening11KlasseHuis.csproj", "{D7D18434-3DE1-486D-9738-D711658BF0EB}"
EndProject
Project("{FAE04EC0-301F-11D3-BF4B-00C04F79EFBC}") = "Oefening16OverervingPersoon", "Oefening16OverervingPersoon\Oefening16OverervingPersoon.csproj", "{9EF6448A-41DF-480D-B134-32D33ABB5AA5}"
EndProject
Project("{FAE04EC0-301F-11D3-BF4B-00C04F79EFBC}") = "Oefening3BestandPunten", "Oefening3BestandPunten\Oefening3BestandPunten.csproj", "{EAAEAFF8-F4DA-4FA4-A20B-985C8C04BE9A}"
EndProject
Global
	GlobalSection(SolutionConfigurationPlatforms) = preSolution
		Debug|Any CPU = Debug|Any CPU
		Release|Any CPU = Release|Any CPU
	EndGlobalSection
	GlobalSection(ProjectConfigurationPlatforms) = postSolution
		{5904E64B-C121-44F3-BE2C-66715843D27E}.Debug|Any CPU.ActiveCfg = Debug|Any CPU
		{5904E64B-C121-44F3-BE2C-66715843D27E}.Debug|Any CPU.Build.0 = Debug|Any CPU
		{5904E64B-C121-44F3-BE2C-66715843D27E}.Release|Any CPU.ActiveCfg = Release|Any CPU
		{5904E64B-C121-44F3-BE2C-66715843D27E}.Release|Any CPU.Build.0 = Release|Any CPU
		{4E0C6F3C-44DB-4D48-A75E-2810ED76D391}.Debug|Any CPU.ActiveCfg = Debug|Any CPU
		{4E0C6F3C-44DB-4D48-A75E-2810ED76D391}.Debug|Any CPU.Build.0 = Debug|Any CPU
		{4E0C6F3C-44DB-4D48-A75E-2810ED76D391}.Release|Any CPU.ActiveCfg = Release|Any CPU
		{4E0C6F3C-44DB-4D48-A75E-2810ED76D391}.Release|Any CPU.Build.0 = Release|Any CPU
		{BFAA950D-F70C-4189-AB01-AB954A9E90F8}.Debug|Any CPU.ActiveCfg = Debug|Any CPU
		{BFAA950D-F70C-4189-AB01-AB954A9E90F8}.Debug|Any CPU.Build.0 = Debug|Any CPU
		{BFAA950D-F70C-4189-AB01-AB954A9E90F8}.Release|Any CPU.ActiveCfg = Release|Any CPU
		{BFAA950D-F70C-4189-AB01-AB954A9E90F8}.Release|Any CPU.Build.0 = Release|Any CPU
		{855D5E93-3047-47E7-AAC6-B8640D2D806B}.Debug|Any CPU.ActiveCfg = Debug|Any CPU
		{855D5E93-3047-47E7-AAC6-B8640D2D806B}.Debug|Any CPU.Build.0 = Debug|Any CPU
		{855D5E93-3047-47E7-AAC6-B8640D2D806B}.Release|Any CPU.ActiveCfg = Release|Any CPU
		{855D5E93-3047-47E7-AAC6-B8640D2D806B}.Release|Any CPU.Build.0 = Release|Any CPU
		{D7D18434-3DE1-486D-9738-D711658BF0EB}.Debug|Any CPU.ActiveCfg = Debug|Any CPU
		{D7D18434-3DE1-486D-9738-D711658BF0EB}.Debug|Any CPU.Build.0 = Debug|Any CPU
		{D7D18434-3DE1-486D-9738-D711658BF0EB}.Release|Any CPU.ActiveCfg = Release|Any CPU
		{D7D18434-3DE1-486D-9738-D711658BF0EB}.Release|Any CPU.Build.0 = Release|Any CPU
		{9EF6448A-41DF-480D-B134-32D33ABB5AA5}.Debug|Any CPU.ActiveCfg = Debug|Any CPU
		{9EF6448A-41DF-480D-B134-32D33ABB5AA5}.Debug|Any CPU.Build.0 = Debug|Any CPU
		{9EF6448A-41DF-480D-B134-32D33ABB5AA5}.Release|Any CPU.ActiveCfg = Release|Any CPU
		{9EF6448A-41DF-480D-B134-32D33ABB5AA5}.Release|Any CPU.Build.0 = Release|Any CPU
		{EAAEAFF8-F4DA-4FA4-A20B-985C8C04BE9A}.Debug|Any CPU.ActiveCfg = Debug|Any CPU
		{EAAEAFF8-F4DA-4FA4-A20B-985C8C04BE9A}.Debug|Any CPU.Build.0 = Debug|Any CPU
		{EAAEAFF8-F4DA-4FA4-A20B-985C8C04BE9A}.Release|Any CPU.ActiveCfg = Release|Any CPU
		{EAAEAFF8-F4DA-4FA4-A20B-985C8C04BE9A}.Release|Any CPU.Build.0 = Release|Any CPU
	EndGlobalSection
	GlobalSection(SolutionProperties) = preSolution
		HideSolutionNode = FALSE
	EndGlobalSection
	GlobalSection(ExtensibilityGlobals) = postSolution
		SolutionGuid = {85996AC4-48D7-4424-8C4C-742FEA1C294F}
	EndGlobalSection
EndGlobal
