
Microsoft Visual Studio Solution File, Format Version 12.00
# Visual Studio Version 16
VisualStudioVersion = 16.0.29728.190
MinimumVisualStudioVersion = 10.0.40219.1
Project("{FAE04EC0-301F-11D3-BF4B-00C04F79EFBC}") = "ClassLibraryBewerking", "ClassLibraryBewerking\ClassLibraryBewerking.csproj", "{D72E538A-5468-4E43-86D9-37A8C1CA8DE3}"
EndProject
Global
	GlobalSection(SolutionConfigurationPlatforms) = preSolution
		Debug|Any CPU = Debug|Any CPU
		Release|Any CPU = Release|Any CPU
	EndGlobalSection
	GlobalSection(ProjectConfigurationPlatforms) = postSolution
		{D72E538A-5468-4E43-86D9-37A8C1CA8DE3}.Debug|Any CPU.ActiveCfg = Debug|Any CPU
		{D72E538A-5468-4E43-86D9-37A8C1CA8DE3}.Debug|Any CPU.Build.0 = Debug|Any CPU
		{D72E538A-5468-4E43-86D9-37A8C1CA8DE3}.Release|Any CPU.ActiveCfg = Release|Any CPU
		{D72E538A-5468-4E43-86D9-37A8C1CA8DE3}.Release|Any CPU.Build.0 = Release|Any CPU
	EndGlobalSection
	GlobalSection(SolutionProperties) = preSolution
		HideSolutionNode = FALSE
	EndGlobalSection
	GlobalSection(ExtensibilityGlobals) = postSolution
		SolutionGuid = {2244AECA-DFF6-4585-92C9-A25B6DBF65C7}
	EndGlobalSection
EndGlobal
